
Microsoft Visual Studio Solution File, Format Version 12.00
# Visual Studio Version 17
VisualStudioVersion = 17.7.34031.279
MinimumVisualStudioVersion = 10.0.40219.1
Project("{FAE04EC0-301F-11D3-BF4B-00C04F79EFBC}") = "ResoniteNESMod", "ResoniteNESMod\ResoniteNESMod.csproj", "{6CA3E760-EF63-4466-8EE8-F4C50A2C82BF}"
EndProject
Global
	GlobalSection(SolutionConfigurationPlatforms) = preSolution
		Debug|Any CPU = Debug|Any CPU
		Release|Any CPU = Release|Any CPU
	EndGlobalSection
	GlobalSection(ProjectConfigurationPlatforms) = postSolution
		{6CA3E760-EF63-4466-8EE8-F4C50A2C82BF}.Debug|Any CPU.ActiveCfg = Debug|Any CPU
		{6CA3E760-EF63-4466-8EE8-F4C50A2C82BF}.Debug|Any CPU.Build.0 = Debug|Any CPU
		{6CA3E760-EF63-4466-8EE8-F4C50A2C82BF}.Release|Any CPU.ActiveCfg = Release|Any CPU
		{6CA3E760-EF63-4466-8EE8-F4C50A2C82BF}.Release|Any CPU.Build.0 = Release|Any CPU
	EndGlobalSection
	GlobalSection(SolutionProperties) = preSolution
		HideSolutionNode = FALSE
	EndGlobalSection
	GlobalSection(ExtensibilityGlobals) = postSolution
		SolutionGuid = {50E3E868-4444-48A5-9333-882641FA7CFE}
	EndGlobalSection
EndGlobal
